
Microsoft Visual Studio Solution File, Format Version 12.00
# Visual Studio Version 16
VisualStudioVersion = 16.0.30907.101
MinimumVisualStudioVersion = 10.0.40219.1
Project("{9A19103F-16F7-4668-BE54-9A1E7A4F7556}") = "DataAccess", "DataAccess\DataAccess.csproj", "{59A9495C-2665-4F2D-AE97-B1802FDAD857}"
EndProject
Project("{9A19103F-16F7-4668-BE54-9A1E7A4F7556}") = "Business", "Business\Business.csproj", "{F55D0ADD-4504-4F90-8B40-A0B4D2619AEC}"
EndProject
Project("{9A19103F-16F7-4668-BE54-9A1E7A4F7556}") = "Entities", "Entities\Entities.csproj", "{898C7249-43FE-4665-B2CD-AF014B0A600A}"
EndProject
Project("{9A19103F-16F7-4668-BE54-9A1E7A4F7556}") = "ConsoleUI", "ConsoleUI\ConsoleUI.csproj", "{A1E91AD8-23EE-4817-BCF2-DE330445DF2C}"
EndProject
Project("{9A19103F-16F7-4668-BE54-9A1E7A4F7556}") = "Core", "Core\Core.csproj", "{2F63F394-BEA3-479D-820D-1DC5491E8D73}"
EndProject
Project("{FAE04EC0-301F-11D3-BF4B-00C04F79EFBC}") = "WebAPI", "WebAPI\WebAPI.csproj", "{A3A1F16D-A23D-4F7F-BF1D-5B72F962F746}"
EndProject
Global
	GlobalSection(SolutionConfigurationPlatforms) = preSolution
		Debug|Any CPU = Debug|Any CPU
		Release|Any CPU = Release|Any CPU
	EndGlobalSection
	GlobalSection(ProjectConfigurationPlatforms) = postSolution
		{59A9495C-2665-4F2D-AE97-B1802FDAD857}.Debug|Any CPU.ActiveCfg = Debug|Any CPU
		{59A9495C-2665-4F2D-AE97-B1802FDAD857}.Debug|Any CPU.Build.0 = Debug|Any CPU
		{59A9495C-2665-4F2D-AE97-B1802FDAD857}.Release|Any CPU.ActiveCfg = Release|Any CPU
		{59A9495C-2665-4F2D-AE97-B1802FDAD857}.Release|Any CPU.Build.0 = Release|Any CPU
		{F55D0ADD-4504-4F90-8B40-A0B4D2619AEC}.Debug|Any CPU.ActiveCfg = Debug|Any CPU
		{F55D0ADD-4504-4F90-8B40-A0B4D2619AEC}.Debug|Any CPU.Build.0 = Debug|Any CPU
		{F55D0ADD-4504-4F90-8B40-A0B4D2619AEC}.Release|Any CPU.ActiveCfg = Release|Any CPU
		{F55D0ADD-4504-4F90-8B40-A0B4D2619AEC}.Release|Any CPU.Build.0 = Release|Any CPU
		{898C7249-43FE-4665-B2CD-AF014B0A600A}.Debug|Any CPU.ActiveCfg = Debug|Any CPU
		{898C7249-43FE-4665-B2CD-AF014B0A600A}.Debug|Any CPU.Build.0 = Debug|Any CPU
		{898C7249-43FE-4665-B2CD-AF014B0A600A}.Release|Any CPU.ActiveCfg = Release|Any CPU
		{898C7249-43FE-4665-B2CD-AF014B0A600A}.Release|Any CPU.Build.0 = Release|Any CPU
		{A1E91AD8-23EE-4817-BCF2-DE330445DF2C}.Debug|Any CPU.ActiveCfg = Debug|Any CPU
		{A1E91AD8-23EE-4817-BCF2-DE330445DF2C}.Debug|Any CPU.Build.0 = Debug|Any CPU
		{A1E91AD8-23EE-4817-BCF2-DE330445DF2C}.Release|Any CPU.ActiveCfg = Release|Any CPU
		{A1E91AD8-23EE-4817-BCF2-DE330445DF2C}.Release|Any CPU.Build.0 = Release|Any CPU
		{2F63F394-BEA3-479D-820D-1DC5491E8D73}.Debug|Any CPU.ActiveCfg = Debug|Any CPU
		{2F63F394-BEA3-479D-820D-1DC5491E8D73}.Debug|Any CPU.Build.0 = Debug|Any CPU
		{2F63F394-BEA3-479D-820D-1DC5491E8D73}.Release|Any CPU.ActiveCfg = Release|Any CPU
		{2F63F394-BEA3-479D-820D-1DC5491E8D73}.Release|Any CPU.Build.0 = Release|Any CPU
		{A3A1F16D-A23D-4F7F-BF1D-5B72F962F746}.Debug|Any CPU.ActiveCfg = Debug|Any CPU
		{A3A1F16D-A23D-4F7F-BF1D-5B72F962F746}.Debug|Any CPU.Build.0 = Debug|Any CPU
		{A3A1F16D-A23D-4F7F-BF1D-5B72F962F746}.Release|Any CPU.ActiveCfg = Release|Any CPU
		{A3A1F16D-A23D-4F7F-BF1D-5B72F962F746}.Release|Any CPU.Build.0 = Release|Any CPU
	EndGlobalSection
	GlobalSection(SolutionProperties) = preSolution
		HideSolutionNode = FALSE
	EndGlobalSection
	GlobalSection(ExtensibilityGlobals) = postSolution
		SolutionGuid = {47AF4F72-D624-4B1B-8E29-B218B4E8F935}
	EndGlobalSection
EndGlobal
